{
  "lockfile_version": "1",
  "packages": {
    "bun@1.3.11": {
      "last_modified": "2026-04-23T13:07:47Z",
      "resolved": "github:NixOS/nixpkgs/01fbdeef22b76df85ea168fbfe1bfd9e63681b30#bun",
      "source": "devbox-search",
      "version": "1.3.11",
      "systems": {
        "aarch64-darwin": {
          "outputs": [
            {
              "name": "out",
              "path": "/nix/store/39953pz9sm4xclds7l90wjkig6hkbx5w-bun-1.3.11",
              "default": true
            }
          ],
          "store_path": "/nix/store/39953pz9sm4xclds7l90wjkig6hkbx5w-bun-1.3.11"
        },
        "aarch64-linux": {
          "outputs": [
            {
              "name": "out",
              "path": "/nix/store/csw87c9ada3vfqfnbknapi5ji4v5f3dh-bun-1.3.11",
              "default": true
            }
          ],
          "store_path": "/nix/store/csw87c9ada3vfqfnbknapi5ji4v5f3dh-bun-1.3.11"
        },
        "x86_64-darwin": {
          "outputs": [
            {
              "name": "out",
              "path": "/nix/store/3nv2mibvqqrk5z7gl7kx5zz7fdy0n5rq-bun-1.3.11",
              "default": true
            }
          ],
          "store_path": "/nix/store/3nv2mibvqqrk5z7gl7kx5zz7fdy0n5rq-bun-1.3.11"
        },
        "x86_64-linux": {
          "outputs": [
            {
              "name": "out",
              "path": "/nix/store/vmhlm86h4c9gxzrczqd91hwfz2kkfn25-bun-1.3.11",
              "default": true
            }
          ],
          "store_path": "/nix/store/vmhlm86h4c9gxzrczqd91hwfz2kkfn25-bun-1.3.11"
        }
      }
    },
    "github:NixOS/nixpkgs/nixpkgs-unstable": {
      "resolved": "github:NixOS/nixpkgs/5954d3359cc7178623da6c7fd23dc7f7504d7187?lastModified=1740762151&narHash=sha256-Rn0j0gP6po1m46RsW%2F4jrn7938TZGR%2BwRZ0%2BMSZThBg%3D"
    }
  }
}
