{
  "lockfile_version": "1",
  "packages": {
    "bun@latest": {
      "last_modified": "2024-10-13T23:44:06Z",
      "resolved": "github:NixOS/nixpkgs/d4f247e89f6e10120f911e2e2d2254a050d0f732#bun",
      "source": "devbox-search",
      "version": "1.1.29",
      "systems": {
        "aarch64-darwin": {
          "outputs": [
            {
              "name": "out",
              "path": "/nix/store/q8gjb6x9dgz2vq761dr50aifd69lsyhk-bun-1.1.29",
              "default": true
            }
          ],
          "store_path": "/nix/store/q8gjb6x9dgz2vq761dr50aifd69lsyhk-bun-1.1.29"
        },
        "aarch64-linux": {
          "outputs": [
            {
              "name": "out",
              "path": "/nix/store/9dxgpcvzl461f4q3dgz3c1xcl4h4xwjv-bun-1.1.29",
              "default": true
            }
          ],
          "store_path": "/nix/store/9dxgpcvzl461f4q3dgz3c1xcl4h4xwjv-bun-1.1.29"
        },
        "x86_64-darwin": {
          "outputs": [
            {
              "name": "out",
              "path": "/nix/store/0hdv8bbyw472agzgwysk7df0hra6zzj1-bun-1.1.29",
              "default": true
            }
          ],
          "store_path": "/nix/store/0hdv8bbyw472agzgwysk7df0hra6zzj1-bun-1.1.29"
        },
        "x86_64-linux": {
          "outputs": [
            {
              "name": "out",
              "path": "/nix/store/1xgl28bhcsvmw14vfyxlrb5qhmlzjifi-bun-1.1.29",
              "default": true
            }
          ],
          "store_path": "/nix/store/1xgl28bhcsvmw14vfyxlrb5qhmlzjifi-bun-1.1.29"
        }
      }
    },
    "flyctl@latest": {
      "last_modified": "2025-07-18T03:30:42Z",
      "resolved": "github:NixOS/nixpkgs/e821e03193486359aa942372be2d9c1f377b7a18#flyctl",
      "source": "devbox-search",
      "version": "0.3.157",
      "systems": {
        "aarch64-darwin": {
          "outputs": [
            {
              "name": "out",
              "path": "/nix/store/9cg95nfdlpfii66abcl3p5jhyas4ic1b-flyctl-0.3.157",
              "default": true
            }
          ],
          "store_path": "/nix/store/9cg95nfdlpfii66abcl3p5jhyas4ic1b-flyctl-0.3.157"
        },
        "aarch64-linux": {
          "outputs": [
            {
              "name": "out",
              "path": "/nix/store/hs0a08nwj299gcpf94gs1vr2jgd4z8xh-flyctl-0.3.157",
              "default": true
            }
          ],
          "store_path": "/nix/store/hs0a08nwj299gcpf94gs1vr2jgd4z8xh-flyctl-0.3.157"
        },
        "x86_64-darwin": {
          "outputs": [
            {
              "name": "out",
              "path": "/nix/store/fs8ii155n83nfysmwbdcg2vs3cah876n-flyctl-0.3.157",
              "default": true
            }
          ],
          "store_path": "/nix/store/fs8ii155n83nfysmwbdcg2vs3cah876n-flyctl-0.3.157"
        },
        "x86_64-linux": {
          "outputs": [
            {
              "name": "out",
              "path": "/nix/store/zhagispz795lklq13ccppf34ny9mss48-flyctl-0.3.157",
              "default": true
            }
          ],
          "store_path": "/nix/store/zhagispz795lklq13ccppf34ny9mss48-flyctl-0.3.157"
        }
      }
    },
    "github:NixOS/nixpkgs/nixpkgs-unstable": {
      "resolved": "github:NixOS/nixpkgs/5954d3359cc7178623da6c7fd23dc7f7504d7187?lastModified=1740762151&narHash=sha256-Rn0j0gP6po1m46RsW%2F4jrn7938TZGR%2BwRZ0%2BMSZThBg%3D"
    }
  }
}
